
Microsoft Visual Studio Solution File, Format Version 12.00
# Visual Studio 14
VisualStudioVersion = 14.0.23107.0
MinimumVisualStudioVersion = 10.0.40219.1
Project("{FAE04EC0-301F-11D3-BF4B-00C04F79EFBC}") = "Stormpath.SDK", "Stormpath.SDK\Stormpath.SDK.csproj", "{79A65C37-9DB1-413A-AC23-708404530295}"
EndProject
Project("{FAE04EC0-301F-11D3-BF4B-00C04F79EFBC}") = "Stormpath.Impl", "Stormpath.Impl\Stormpath.Impl.csproj", "{AD169335-C85D-4A19-8A76-F63E48972F10}"
EndProject
Project("{FAE04EC0-301F-11D3-BF4B-00C04F79EFBC}") = "Stormpath.Impl.Tests", "Stormpath.Impl.Tests\Stormpath.Impl.Tests.csproj", "{091F6F3E-304A-47B5-AA4A-79684560856C}"
EndProject
Global
	GlobalSection(SolutionConfigurationPlatforms) = preSolution
		Debug|Any CPU = Debug|Any CPU
		Release|Any CPU = Release|Any CPU
	EndGlobalSection
	GlobalSection(ProjectConfigurationPlatforms) = postSolution
		{79A65C37-9DB1-413A-AC23-708404530295}.Debug|Any CPU.ActiveCfg = Debug|Any CPU
		{79A65C37-9DB1-413A-AC23-708404530295}.Debug|Any CPU.Build.0 = Debug|Any CPU
		{79A65C37-9DB1-413A-AC23-708404530295}.Release|Any CPU.ActiveCfg = Release|Any CPU
		{79A65C37-9DB1-413A-AC23-708404530295}.Release|Any CPU.Build.0 = Release|Any CPU
		{AD169335-C85D-4A19-8A76-F63E48972F10}.Debug|Any CPU.ActiveCfg = Debug|Any CPU
		{AD169335-C85D-4A19-8A76-F63E48972F10}.Debug|Any CPU.Build.0 = Debug|Any CPU
		{AD169335-C85D-4A19-8A76-F63E48972F10}.Release|Any CPU.ActiveCfg = Release|Any CPU
		{AD169335-C85D-4A19-8A76-F63E48972F10}.Release|Any CPU.Build.0 = Release|Any CPU
		{091F6F3E-304A-47B5-AA4A-79684560856C}.Debug|Any CPU.ActiveCfg = Debug|Any CPU
		{091F6F3E-304A-47B5-AA4A-79684560856C}.Debug|Any CPU.Build.0 = Debug|Any CPU
		{091F6F3E-304A-47B5-AA4A-79684560856C}.Release|Any CPU.ActiveCfg = Release|Any CPU
		{091F6F3E-304A-47B5-AA4A-79684560856C}.Release|Any CPU.Build.0 = Release|Any CPU
	EndGlobalSection
	GlobalSection(SolutionProperties) = preSolution
		HideSolutionNode = FALSE
	EndGlobalSection
EndGlobal
